// !$*UTF8*$!
{
	archiveVersion = 1;
	classes = {
	};
	objectVersion = 50;
	objects = {

/* Begin PBXBuildFile section */
		8406994421B6B263006C2AC4 /* AppDelegate.swift in Sources */ = {isa = PBXBuildFile; fileRef = 8406994321B6B263006C2AC4 /* AppDelegate.swift */; };
		8406994621B6B263006C2AC4 /* ChecklistViewController.swift in Sources */ = {isa = PBXBuildFile; fileRef = 8406994521B6B263006C2AC4 /* ChecklistViewController.swift */; };
		8406994921B6B263006C2AC4 /* Main.storyboard in Resources */ = {isa = PBXBuildFile; fileRef = 8406994721B6B263006C2AC4 /* Main.storyboard */; };
		8406994B21B6B266006C2AC4 /* Assets.xcassets in Resources */ = {isa = PBXBuildFile; fileRef = 8406994A21B6B266006C2AC4 /* Assets.xcassets */; };
		8406994E21B6B266006C2AC4 /* LaunchScreen.storyboard in Resources */ = {isa = PBXBuildFile; fileRef = 8406994C21B6B266006C2AC4 /* LaunchScreen.storyboard */; };
		8406995621B948F5006C2AC4 /* ChecklistItem.swift in Sources */ = {isa = PBXBuildFile; fileRef = 8406995521B948F5006C2AC4 /* ChecklistItem.swift */; };
		8406995821BADE4C006C2AC4 /* ItemDetailViewController.swift in Sources */ = {isa = PBXBuildFile; fileRef = 8406995721BADE4C006C2AC4 /* ItemDetailViewController.swift */; };
		84ADD67A21CD8DFC00574F04 /* AllListsViewController.swift in Sources */ = {isa = PBXBuildFile; fileRef = 84ADD67921CD8DFC00574F04 /* AllListsViewController.swift */; };
		84ADD67C21CE65D600574F04 /* Checklist.swift in Sources */ = {isa = PBXBuildFile; fileRef = 84ADD67B21CE65D600574F04 /* Checklist.swift */; };
		84ADD67E21D2CA6200574F04 /* ListDetailViewController.swift in Sources */ = {isa = PBXBuildFile; fileRef = 84ADD67D21D2CA6200574F04 /* ListDetailViewController.swift */; };
		84ADD68021D69D0A00574F04 /* DataModel.swift in Sources */ = {isa = PBXBuildFile; fileRef = 84ADD67F21D69D0A00574F04 /* DataModel.swift */; };
/* End PBXBuildFile section */

/* Begin PBXFileReference section */
		8406994021B6B263006C2AC4 /* Checklists_v2.app */ = {isa = PBXFileReference; explicitFileType = wrapper.application; includeInIndex = 0; path = Checklists_v2.app; sourceTree = BUILT_PRODUCTS_DIR; };
		8406994321B6B263006C2AC4 /* AppDelegate.swift */ = {isa = PBXFileReference; lastKnownFileType = sourcecode.swift; path = AppDelegate.swift; sourceTree = "<group>"; };
		8406994521B6B263006C2AC4 /* ChecklistViewController.swift */ = {isa = PBXFileReference; lastKnownFileType = sourcecode.swift; path = ChecklistViewController.swift; sourceTree = "<group>"; };
		8406994821B6B263006C2AC4 /* Base */ = {isa = PBXFileReference; lastKnownFileType = file.storyboard; name = Base; path = Base.lproj/Main.storyboard; sourceTree = "<group>"; };
		8406994A21B6B266006C2AC4 /* Assets.xcassets */ = {isa = PBXFileReference; lastKnownFileType = folder.assetcatalog; path = Assets.xcassets; sourceTree = "<group>"; };
		8406994D21B6B266006C2AC4 /* Base */ = {isa = PBXFileReference; lastKnownFileType = file.storyboard; name = Base; path = Base.lproj/LaunchScreen.storyboard; sourceTree = "<group>"; };
		8406994F21B6B266006C2AC4 /* Info.plist */ = {isa = PBXFileReference; lastKnownFileType = text.plist.xml; path = Info.plist; sourceTree = "<group>"; };
		8406995521B948F5006C2AC4 /* ChecklistItem.swift */ = {isa = PBXFileReference; lastKnownFileType = sourcecode.swift; path = ChecklistItem.swift; sourceTree = "<group>"; };
		8406995721BADE4C006C2AC4 /* ItemDetailViewController.swift */ = {isa = PBXFileReference; lastKnownFileType = sourcecode.swift; path = ItemDetailViewController.swift; sourceTree = "<group>"; };
		84ADD67921CD8DFC00574F04 /* AllListsViewController.swift */ = {isa = PBXFileReference; lastKnownFileType = sourcecode.swift; path = AllListsViewController.swift; sourceTree = "<group>"; };
		84ADD67B21CE65D600574F04 /* Checklist.swift */ = {isa = PBXFileReference; lastKnownFileType = sourcecode.swift; path = Checklist.swift; sourceTree = "<group>"; };
		84ADD67D21D2CA6200574F04 /* ListDetailViewController.swift */ = {isa = PBXFileReference; lastKnownFileType = sourcecode.swift; path = ListDetailViewController.swift; sourceTree = "<group>"; };
		84ADD67F21D69D0A00574F04 /* DataModel.swift */ = {isa = PBXFileReference; lastKnownFileType = sourcecode.swift; path = DataModel.swift; sourceTree = "<group>"; };
/* End PBXFileReference section */

/* Begin PBXFrameworksBuildPhase section */
		8406993D21B6B263006C2AC4 /* Frameworks */ = {
			isa = PBXFrameworksBuildPhase;
			buildActionMask = 2147483647;
			files = (
			);
			runOnlyForDeploymentPostprocessing = 0;
		};
/* End PBXFrameworksBuildPhase section */

/* Begin PBXGroup section */
		8406993721B6B263006C2AC4 = {
			isa = PBXGroup;
			children = (
				8406994221B6B263006C2AC4 /* Checklists_v2 */,
				8406994121B6B263006C2AC4 /* Products */,
			);
			sourceTree = "<group>";
		};
		8406994121B6B263006C2AC4 /* Products */ = {
			isa = PBXGroup;
			children = (
				8406994021B6B263006C2AC4 /* Checklists_v2.app */,
			);
			name = Products;
			sourceTree = "<group>";
		};
		8406994221B6B263006C2AC4 /* Checklists_v2 */ = {
			isa = PBXGroup;
			children = (
				8406994321B6B263006C2AC4 /* AppDelegate.swift */,
				8406994521B6B263006C2AC4 /* ChecklistViewController.swift */,
				8406994721B6B263006C2AC4 /* Main.storyboard */,
				8406995521B948F5006C2AC4 /* ChecklistItem.swift */,
				8406995721BADE4C006C2AC4 /* ItemDetailViewController.swift */,
				8406994A21B6B266006C2AC4 /* Assets.xcassets */,
				8406994C21B6B266006C2AC4 /* LaunchScreen.storyboard */,
				8406994F21B6B266006C2AC4 /* Info.plist */,
				84ADD67921CD8DFC00574F04 /* AllListsViewController.swift */,
				84ADD67B21CE65D600574F04 /* Checklist.swift */,
				84ADD67D21D2CA6200574F04 /* ListDetailViewController.swift */,
				84ADD67F21D69D0A00574F04 /* DataModel.swift */,
			);
			path = Checklists_v2;
			sourceTree = "<group>";
		};
/* End PBXGroup section */

/* Begin PBXNativeTarget section */
		8406993F21B6B263006C2AC4 /* Checklists_v2 */ = {
			isa = PBXNativeTarget;
			buildConfigurationList = 8406995221B6B266006C2AC4 /* Build configuration list for PBXNativeTarget "Checklists_v2" */;
			buildPhases = (
				8406993C21B6B263006C2AC4 /* Sources */,
				8406993D21B6B263006C2AC4 /* Frameworks */,
				8406993E21B6B263006C2AC4 /* Resources */,
			);
			buildRules = (
			);
			dependencies = (
			);
			name = Checklists_v2;
			productName = Checklists_v2;
			productReference = 8406994021B6B263006C2AC4 /* Checklists_v2.app */;
			productType = "com.apple.product-type.application";
		};
/* End PBXNativeTarget section */

/* Begin PBXProject section */
		8406993821B6B263006C2AC4 /* Project object */ = {
			isa = PBXProject;
			attributes = {
				LastSwiftUpdateCheck = 1010;
				LastUpgradeCheck = 1010;
				ORGANIZATIONNAME = Konstanty;
				TargetAttributes = {
					8406993F21B6B263006C2AC4 = {
						CreatedOnToolsVersion = 10.1;
					};
				};
			};
			buildConfigurationList = 8406993B21B6B263006C2AC4 /* Build configuration list for PBXProject "Checklists_v2" */;
			compatibilityVersion = "Xcode 9.3";
			developmentRegion = en;
			hasScannedForEncodings = 0;
			knownRegions = (
				en,
				Base,
			);
			mainGroup = 8406993721B6B263006C2AC4;
			productRefGroup = 8406994121B6B263006C2AC4 /* Products */;
			projectDirPath = "";
			projectRoot = "";
			targets = (
				8406993F21B6B263006C2AC4 /* Checklists_v2 */,
			);
		};
/* End PBXProject section */

/* Begin PBXResourcesBuildPhase section */
		8406993E21B6B263006C2AC4 /* Resources */ = {
			isa = PBXResourcesBuildPhase;
			buildActionMask = 2147483647;
			files = (
				8406994E21B6B266006C2AC4 /* LaunchScreen.storyboard in Resources */,
				8406994B21B6B266006C2AC4 /* Assets.xcassets in Resources */,
				8406994921B6B263006C2AC4 /* Main.storyboard in Resources */,
			);
			runOnlyForDeploymentPostprocessing = 0;
		};
/* End PBXResourcesBuildPhase section */

/* Begin PBXSourcesBuildPhase section */
		8406993C21B6B263006C2AC4 /* Sources */ = {
			isa = PBXSourcesBuildPhase;
			buildActionMask = 2147483647;
			files = (
				8406994621B6B263006C2AC4 /* ChecklistViewController.swift in Sources */,
				84ADD67E21D2CA6200574F04 /* ListDetailViewController.swift in Sources */,
				8406995821BADE4C006C2AC4 /* ItemDetailViewController.swift in Sources */,
				84ADD67C21CE65D600574F04 /* Checklist.swift in Sources */,
				8406995621B948F5006C2AC4 /* ChecklistItem.swift in Sources */,
				84ADD68021D69D0A00574F04 /* DataModel.swift in Sources */,
				84ADD67A21CD8DFC00574F04 /* AllListsViewController.swift in Sources */,
				8406994421B6B263006C2AC4 /* AppDelegate.swift in Sources */,
			);
			runOnlyForDeploymentPostprocessing = 0;
		};
/* End PBXSourcesBuildPhase section */

/* Begin PBXVariantGroup section */
		8406994721B6B263006C2AC4 /* Main.storyboard */ = {
			isa = PBXVariantGroup;
			children = (
				8406994821B6B263006C2AC4 /* Base */,
			);
			name = Main.storyboard;
			sourceTree = "<group>";
		};
		8406994C21B6B266006C2AC4 /* LaunchScreen.storyboard */ = {
			isa = PBXVariantGroup;
			children = (
				8406994D21B6B266006C2AC4 /* Base */,
			);
			name = LaunchScreen.storyboard;
			sourceTree = "<group>";
		};
/* End PBXVariantGroup section */

/* Begin XCBuildConfiguration section */
		8406995021B6B266006C2AC4 /* Debug */ = {
			isa = XCBuildConfiguration;
			buildSettings = {
				ALWAYS_SEARCH_USER_PATHS = NO;
				CLANG_ANALYZER_NONNULL = YES;
				CLANG_ANALYZER_NUMBER_OBJECT_CONVERSION = YES_AGGRESSIVE;
				CLANG_CXX_LANGUAGE_STANDARD = "gnu++14";
				CLANG_CXX_LIBRARY = "libc++";
				CLANG_ENABLE_MODULES = YES;
				CLANG_ENABLE_OBJC_ARC = YES;
				CLANG_ENABLE_OBJC_WEAK = YES;
				CLANG_WARN_BLOCK_CAPTURE_AUTORELEASING = YES;
				CLANG_WARN_BOOL_CONVERSION = YES;
				CLANG_WARN_COMMA = YES;
				CLANG_WARN_CONSTANT_CONVERSION = YES;
				CLANG_WARN_DEPRECATED_OBJC_IMPLEMENTATIONS = YES;
				CLANG_WARN_DIRECT_OBJC_ISA_USAGE = YES_ERROR;
				CLANG_WARN_DOCUMENTATION_COMMENTS = YES;
				CLANG_WARN_EMPTY_BODY = YES;
				CLANG_WARN_ENUM_CONVERSION = YES;
				CLANG_WARN_INFINITE_RECURSION = YES;
				CLANG_WARN_INT_CONVERSION = YES;
				CLANG_WARN_NON_LITERAL_NULL_CONVERSION = YES;
				CLANG_WARN_OBJC_IMPLICIT_RETAIN_SELF = YES;
				CLANG_WARN_OBJC_LITERAL_CONVERSION = YES;
				CLANG_WARN_OBJC_ROOT_CLASS = YES_ERROR;
				CLANG_WARN_RANGE_LOOP_ANALYSIS = YES;
				CLANG_WARN_STRICT_PROTOTYPES = YES;
				CLANG_WARN_SUSPICIOUS_MOVE = YES;
				CLANG_WARN_UNGUARDED_AVAILABILITY = YES_AGGRESSIVE;
				CLANG_WARN_UNREACHABLE_CODE = YES;
				CLANG_WARN__DUPLICATE_METHOD_MATCH = YES;
				CODE_SIGN_IDENTITY = "iPhone Developer";
				COPY_PHASE_STRIP = NO;
				DEBUG_INFORMATION_FORMAT = dwarf;
				ENABLE_STRICT_OBJC_MSGSEND = YES;
				ENABLE_TESTABILITY = YES;
				GCC_C_LANGUAGE_STANDARD = gnu11;
				GCC_DYNAMIC_NO_PIC = NO;
				GCC_NO_COMMON_BLOCKS = YES;
				GCC_OPTIMIZATION_LEVEL = 0;
				GCC_PREPROCESSOR_DEFINITIONS = (
					"DEBUG=1",
					"$(inherited)",
				);
				GCC_WARN_64_TO_32_BIT_CONVERSION = YES;
				GCC_WARN_ABOUT_RETURN_TYPE = YES_ERROR;
				GCC_WARN_UNDECLARED_SELECTOR = YES;
				GCC_WARN_UNINITIALIZED_AUTOS = YES_AGGRESSIVE;
				GCC_WARN_UNUSED_FUNCTION = YES;
				GCC_WARN_UNUSED_VARIABLE = YES;
				IPHONEOS_DEPLOYMENT_TARGET = 12.1;
				MTL_ENABLE_DEBUG_INFO = INCLUDE_SOURCE;
				MTL_FAST_MATH = YES;
				ONLY_ACTIVE_ARCH = YES;
				SDKROOT = iphoneos;
				SWIFT_ACTIVE_COMPILATION_CONDITIONS = DEBUG;
				SWIFT_OPTIMIZATION_LEVEL = "-Onone";
			};
			name = Debug;
		};
		8406995121B6B266006C2AC4 /* Release */ = {
			isa = XCBuildConfiguration;
			buildSettings = {
				ALWAYS_SEARCH_USER_PATHS = NO;
				CLANG_ANALYZER_NONNULL = YES;
				CLANG_ANALYZER_NUMBER_OBJECT_CONVERSION = YES_AGGRESSIVE;
				CLANG_CXX_LANGUAGE_STANDARD = "gnu++14";
				CLANG_CXX_LIBRARY = "libc++";
				CLANG_ENABLE_MODULES = YES;
				CLANG_ENABLE_OBJC_ARC = YES;
				CLANG_ENABLE_OBJC_WEAK = YES;
				CLANG_WARN_BLOCK_CAPTURE_AUTORELEASING = YES;
				CLANG_WARN_BOOL_CONVERSION = YES;
				CLANG_WARN_COMMA = YES;
				CLANG_WARN_CONSTANT_CONVERSION = YES;
				CLANG_WARN_DEPRECATED_OBJC_IMPLEMENTATIONS = YES;
				CLANG_WARN_DIRECT_OBJC_ISA_USAGE = YES_ERROR;
				CLANG_WARN_DOCUMENTATION_COMMENTS = YES;
				CLANG_WARN_EMPTY_BODY = YES;
				CLANG_WARN_ENUM_CONVERSION = YES;
				CLANG_WARN_INFINITE_RECURSION = YES;
				CLANG_WARN_INT_CONVERSION = YES;
				CLANG_WARN_NON_LITERAL_NULL_CONVERSION = YES;
				CLANG_WARN_OBJC_IMPLICIT_RETAIN_SELF = YES;
				CLANG_WARN_OBJC_LITERAL_CONVERSION = YES;
				CLANG_WARN_OBJC_ROOT_CLASS = YES_ERROR;
				CLANG_WARN_RANGE_LOOP_ANALYSIS = YES;
				CLANG_WARN_STRICT_PROTOTYPES = YES;
				CLANG_WARN_SUSPICIOUS_MOVE = YES;
				CLANG_WARN_UNGUARDED_AVAILABILITY = YES_AGGRESSIVE;
				CLANG_WARN_UNREACHABLE_CODE = YES;
				CLANG_WARN__DUPLICATE_METHOD_MATCH = YES;
				CODE_SIGN_IDENTITY = "iPhone Developer";
				COPY_PHASE_STRIP = NO;
				DEBUG_INFORMATION_FORMAT = "dwarf-with-dsym";
				ENABLE_NS_ASSERTIONS = NO;
				ENABLE_STRICT_OBJC_MSGSEND = YES;
				GCC_C_LANGUAGE_STANDARD = gnu11;
				GCC_NO_COMMON_BLOCKS = YES;
				GCC_WARN_64_TO_32_BIT_CONVERSION = YES;
				GCC_WARN_ABOUT_RETURN_TYPE = YES_ERROR;
				GCC_WARN_UNDECLARED_SELECTOR = YES;
				GCC_WARN_UNINITIALIZED_AUTOS = YES_AGGRESSIVE;
				GCC_WARN_UNUSED_FUNCTION = YES;
				GCC_WARN_UNUSED_VARIABLE = YES;
				IPHONEOS_DEPLOYMENT_TARGET = 12.1;
				MTL_ENABLE_DEBUG_INFO = NO;
				MTL_FAST_MATH = YES;
				SDKROOT = iphoneos;
				SWIFT_COMPILATION_MODE = wholemodule;
				SWIFT_OPTIMIZATION_LEVEL = "-O";
				VALIDATE_PRODUCT = YES;
			};
			name = Release;
		};
		8406995321B6B266006C2AC4 /* Debug */ = {
			isa = XCBuildConfiguration;
			buildSettings = {
				ASSETCATALOG_COMPILER_APPICON_NAME = AppIcon;
				CODE_SIGN_STYLE = Automatic;
				DEVELOPMENT_TEAM = Y933B89LHD;
				INFOPLIST_FILE = Checklists_v2/Info.plist;
				LD_RUNPATH_SEARCH_PATHS = (
					"$(inherited)",
					"@executable_path/Frameworks",
				);
				PRODUCT_BUNDLE_IDENTIFIER = "com.rosyjski.Checklists-v2";
				PRODUCT_NAME = "$(TARGET_NAME)";
				SWIFT_VERSION = 4.2;
				TARGETED_DEVICE_FAMILY = "1,2";
			};
			name = Debug;
		};
		8406995421B6B266006C2AC4 /* Release */ = {
			isa = XCBuildConfiguration;
			buildSettings = {
				ASSETCATALOG_COMPILER_APPICON_NAME = AppIcon;
				CODE_SIGN_STYLE = Automatic;
				DEVELOPMENT_TEAM = Y933B89LHD;
				INFOPLIST_FILE = Checklists_v2/Info.plist;
				LD_RUNPATH_SEARCH_PATHS = (
					"$(inherited)",
					"@executable_path/Frameworks",
				);
				PRODUCT_BUNDLE_IDENTIFIER = "com.rosyjski.Checklists-v2";
				PRODUCT_NAME = "$(TARGET_NAME)";
				SWIFT_VERSION = 4.2;
				TARGETED_DEVICE_FAMILY = "1,2";
			};
			name = Release;
		};
/* End XCBuildConfiguration section */

/* Begin XCConfigurationList section */
		8406993B21B6B263006C2AC4 /* Build configuration list for PBXProject "Checklists_v2" */ = {
			isa = XCConfigurationList;
			buildConfigurations = (
				8406995021B6B266006C2AC4 /* Debug */,
				8406995121B6B266006C2AC4 /* Release */,
			);
			defaultConfigurationIsVisible = 0;
			defaultConfigurationName = Release;
		};
		8406995221B6B266006C2AC4 /* Build configuration list for PBXNativeTarget "Checklists_v2" */ = {
			isa = XCConfigurationList;
			buildConfigurations = (
				8406995321B6B266006C2AC4 /* Debug */,
				8406995421B6B266006C2AC4 /* Release */,
			);
			defaultConfigurationIsVisible = 0;
			defaultConfigurationName = Release;
		};
/* End XCConfigurationList section */
	};
	rootObject = 8406993821B6B263006C2AC4 /* Project object */;
}
